
Microsoft Visual Studio Solution File, Format Version 12.00
# Visual Studio Version 16
VisualStudioVersion = 16.0.30105.148
MinimumVisualStudioVersion = 10.0.40219.1
Project("{FAE04EC0-301F-11D3-BF4B-00C04F79EFBC}") = "laba2b", "laba2b\laba2b.csproj", "{CEDE3799-4067-4429-9B8E-29AA2ACBE834}"
EndProject
Global
	GlobalSection(SolutionConfigurationPlatforms) = preSolution
		Debug|Any CPU = Debug|Any CPU
		Release|Any CPU = Release|Any CPU
	EndGlobalSection
	GlobalSection(ProjectConfigurationPlatforms) = postSolution
		{CEDE3799-4067-4429-9B8E-29AA2ACBE834}.Debug|Any CPU.ActiveCfg = Debug|Any CPU
		{CEDE3799-4067-4429-9B8E-29AA2ACBE834}.Debug|Any CPU.Build.0 = Debug|Any CPU
		{CEDE3799-4067-4429-9B8E-29AA2ACBE834}.Release|Any CPU.ActiveCfg = Release|Any CPU
		{CEDE3799-4067-4429-9B8E-29AA2ACBE834}.Release|Any CPU.Build.0 = Release|Any CPU
	EndGlobalSection
	GlobalSection(SolutionProperties) = preSolution
		HideSolutionNode = FALSE
	EndGlobalSection
	GlobalSection(ExtensibilityGlobals) = postSolution
		SolutionGuid = {662BDE96-4333-44E1-BCBF-0FF8CBF03391}
	EndGlobalSection
EndGlobal
